PODS:
  - Nimble (5.1.1)
  - Quick (1.0.0)
  - Swinject (2.0.0-beta.2)
  - SwinjectPropertyLoader (1.0.0-beta.2):
    - Swinject (= 2.0.0-beta.2)

DEPENDENCIES:
  - Nimble (~> 5.1.1)
  - Quick (~> 1.0.0)
  - Swinject (~> 2.0.0-beta.2)
  - SwinjectPropertyLoader (= 1.0.0-beta.2)

SPEC CHECKSUMS:
  Nimble: 415e3aa3267e7bc2c96b05fa814ddea7bb686a29
  Quick: 8024e4a47e6cc03a9d5245ef0948264fc6d27cff
  Swinject: 69a893192efa9f2cc44be79ef423d04d571b6af9
  SwinjectPropertyLoader: c6f65603cc5415c037744a16c0080950453b9f2d

PODFILE CHECKSUM: 6beb96bbe0edbee9884a8a4fad4ca37698ee0e4e

COCOAPODS: 1.1.1
