// !$*UTF8*$!
{
	archiveVersion = 1;
	classes = {
	};
	objectVersion = 46;
	objects = {

/* Begin PBXBuildFile section */
		8F9E94A71ED7B29C004A7FB6 /* GorgonTests.swift in Sources */ = {isa = PBXBuildFile; fileRef = 8F9E94A61ED7B29C004A7FB6 /* GorgonTests.swift */; };
		8F9E94A91ED7B29C004A7FB6 /* Gorgon.framework in Frameworks */ = {isa = PBXBuildFile; fileRef = 903EDF071CC19DAA00AF813C /* Gorgon.framework */; };
		903EDF0B1CC19DAA00AF813C /* Gorgon.h in Headers */ = {isa = PBXBuildFile; fileRef = 903EDF0A1CC19DAA00AF813C /* Gorgon.h */; settings = {ATTRIBUTES = (Public, ); }; };
		903EDF261CC1B5FF00AF813C /* DaemonManager.swift in Sources */ = {isa = PBXBuildFile; fileRef = 903EDF251CC1B5FF00AF813C /* DaemonManager.swift */; };
		903EDF2E1CC1B64300AF813C /* ApplicationDaemonType.swift in Sources */ = {isa = PBXBuildFile; fileRef = 903EDF271CC1B64300AF813C /* ApplicationDaemonType.swift */; };
		903EDF2F1CC1B64300AF813C /* DaemonType.swift in Sources */ = {isa = PBXBuildFile; fileRef = 903EDF281CC1B64300AF813C /* DaemonType.swift */; };
		903EDF301CC1B64300AF813C /* DeviceDaemonType.swift in Sources */ = {isa = PBXBuildFile; fileRef = 903EDF291CC1B64300AF813C /* DeviceDaemonType.swift */; };
		903EDF311CC1B64300AF813C /* LocalNotificationDaemonType.swift in Sources */ = {isa = PBXBuildFile; fileRef = 903EDF2A1CC1B64300AF813C /* LocalNotificationDaemonType.swift */; };
		903EDF321CC1B64300AF813C /* NotificationCenterDaemonType.swift in Sources */ = {isa = PBXBuildFile; fileRef = 903EDF2B1CC1B64300AF813C /* NotificationCenterDaemonType.swift */; };
		903EDF331CC1B64300AF813C /* RemoteNotificationDaemonType.swift in Sources */ = {isa = PBXBuildFile; fileRef = 903EDF2C1CC1B64300AF813C /* RemoteNotificationDaemonType.swift */; };
		903EDF341CC1B64300AF813C /* UrlDaemonType.swift in Sources */ = {isa = PBXBuildFile; fileRef = 903EDF2D1CC1B64300AF813C /* UrlDaemonType.swift */; };
		903EDF371CC1B6D200AF813C /* Token.swift in Sources */ = {isa = PBXBuildFile; fileRef = 903EDF351CC1B6D200AF813C /* Token.swift */; };
		903EDF381CC1B6D200AF813C /* Url.swift in Sources */ = {isa = PBXBuildFile; fileRef = 903EDF361CC1B6D200AF813C /* Url.swift */; };
		903EDF8A1CC5A4AE00AF813C /* Log.swift in Sources */ = {isa = PBXBuildFile; fileRef = 903EDF861CC5A46000AF813C /* Log.swift */; };
		E483DC01C87857B58F588F7E /* Pods_GorgonBase_Gorgon.framework in Frameworks */ = {isa = PBXBuildFile; fileRef = 4323E581802FF2CC87C1D9EA /* Pods_GorgonBase_Gorgon.framework */; };
/* End PBXBuildFile section */

/* Begin PBXContainerItemProxy section */
		8F9E94AA1ED7B29C004A7FB6 /* PBXContainerItemProxy */ = {
			isa = PBXContainerItemProxy;
			containerPortal = 903EDEFE1CC19DAA00AF813C /* Project object */;
			proxyType = 1;
			remoteGlobalIDString = 903EDF061CC19DAA00AF813C;
			remoteInfo = Gorgon;
		};
/* End PBXContainerItemProxy section */

/* Begin PBXFileReference section */
		2376B2F2915F2977385CCA6B /* Pods-GorgonBase-GorgonTests.debug.xcconfig */ = {isa = PBXFileReference; includeInIndex = 1; lastKnownFileType = text.xcconfig; name = "Pods-GorgonBase-GorgonTests.debug.xcconfig"; path = "Pods/Target Support Files/Pods-GorgonBase-GorgonTests/Pods-GorgonBase-GorgonTests.debug.xcconfig"; sourceTree = "<group>"; };
		4323E581802FF2CC87C1D9EA /* Pods_GorgonBase_Gorgon.framework */ = {isa = PBXFileReference; explicitFileType = wrapper.framework; includeInIndex = 0; path = Pods_GorgonBase_Gorgon.framework; sourceTree = BUILT_PRODUCTS_DIR; };
		489FEE5A1E6E1B8C009ADAAD /* Nimble.framework */ = {isa = PBXFileReference; lastKnownFileType = wrapper.framework; name = Nimble.framework; path = Carthage/Build/iOS/Nimble.framework; sourceTree = "<group>"; };
		489FEE5B1E6E1B8C009ADAAD /* Quick.framework */ = {isa = PBXFileReference; lastKnownFileType = wrapper.framework; name = Quick.framework; path = Carthage/Build/iOS/Quick.framework; sourceTree = "<group>"; };
		489FEE5C1E6E1B8C009ADAAD /* Swinject.framework */ = {isa = PBXFileReference; lastKnownFileType = wrapper.framework; name = Swinject.framework; path = Carthage/Build/iOS/Swinject.framework; sourceTree = "<group>"; };
		489FEE5D1E6E1B8C009ADAAD /* SwinjectPropertyLoader.framework */ = {isa = PBXFileReference; lastKnownFileType = wrapper.framework; name = SwinjectPropertyLoader.framework; path = Carthage/Build/iOS/SwinjectPropertyLoader.framework; sourceTree = "<group>"; };
		65606885966F18880EA8DAA6 /* Pods-GorgonBase-Gorgon.release.xcconfig */ = {isa = PBXFileReference; includeInIndex = 1; lastKnownFileType = text.xcconfig; name = "Pods-GorgonBase-Gorgon.release.xcconfig"; path = "Pods/Target Support Files/Pods-GorgonBase-Gorgon/Pods-GorgonBase-Gorgon.release.xcconfig"; sourceTree = "<group>"; };
		8B46ED9689A5E104B660D336 /* Pods-GorgonBase-Gorgon.debug.xcconfig */ = {isa = PBXFileReference; includeInIndex = 1; lastKnownFileType = text.xcconfig; name = "Pods-GorgonBase-Gorgon.debug.xcconfig"; path = "Pods/Target Support Files/Pods-GorgonBase-Gorgon/Pods-GorgonBase-Gorgon.debug.xcconfig"; sourceTree = "<group>"; };
		8F9E94971ED7B1F5004A7FB6 /* GorgonTests.swift */ = {isa = PBXFileReference; lastKnownFileType = sourcecode.swift; path = GorgonTests.swift; sourceTree = "<group>"; };
		8F9E94991ED7B1F5004A7FB6 /* Info.plist */ = {isa = PBXFileReference; lastKnownFileType = text.plist.xml; path = Info.plist; sourceTree = "<group>"; };
		8F9E94A41ED7B29C004A7FB6 /* GorgonTests.xctest */ = {isa = PBXFileReference; explicitFileType = wrapper.cfbundle; includeInIndex = 0; path = GorgonTests.xctest; sourceTree = BUILT_PRODUCTS_DIR; };
		8F9E94A61ED7B29C004A7FB6 /* GorgonTests.swift */ = {isa = PBXFileReference; lastKnownFileType = sourcecode.swift; path = GorgonTests.swift; sourceTree = "<group>"; };
		8F9E94A81ED7B29C004A7FB6 /* Info.plist */ = {isa = PBXFileReference; lastKnownFileType = text.plist.xml; path = Info.plist; sourceTree = "<group>"; };
		903EDF071CC19DAA00AF813C /* Gorgon.framework */ = {isa = PBXFileReference; explicitFileType = wrapper.framework; includeInIndex = 0; path = Gorgon.framework; sourceTree = BUILT_PRODUCTS_DIR; };
		903EDF0A1CC19DAA00AF813C /* Gorgon.h */ = {isa = PBXFileReference; lastKnownFileType = sourcecode.c.h; path = Gorgon.h; sourceTree = "<group>"; };
		903EDF0C1CC19DAA00AF813C /* Info.plist */ = {isa = PBXFileReference; lastKnownFileType = text.plist.xml; path = Info.plist; sourceTree = "<group>"; };
		903EDF161CC19DAA00AF813C /* UrlSpecs.swift */ = {isa = PBXFileReference; lastKnownFileType = sourcecode.swift; path = UrlSpecs.swift; sourceTree = "<group>"; };
		903EDF181CC19DAA00AF813C /* Info.plist */ = {isa = PBXFileReference; lastKnownFileType = text.plist.xml; path = Info.plist; sourceTree = "<group>"; };
		903EDF251CC1B5FF00AF813C /* DaemonManager.swift */ = {isa = PBXFileReference; fileEncoding = 4; lastKnownFileType = sourcecode.swift; name = DaemonManager.swift; path = Sources/DaemonManager.swift; sourceTree = SOURCE_ROOT; };
		903EDF271CC1B64300AF813C /* ApplicationDaemonType.swift */ = {isa = PBXFileReference; fileEncoding = 4; lastKnownFileType = sourcecode.swift; path = ApplicationDaemonType.swift; sourceTree = "<group>"; };
		903EDF281CC1B64300AF813C /* DaemonType.swift */ = {isa = PBXFileReference; fileEncoding = 4; lastKnownFileType = sourcecode.swift; path = DaemonType.swift; sourceTree = "<group>"; };
		903EDF291CC1B64300AF813C /* DeviceDaemonType.swift */ = {isa = PBXFileReference; fileEncoding = 4; lastKnownFileType = sourcecode.swift; path = DeviceDaemonType.swift; sourceTree = "<group>"; };
		903EDF2A1CC1B64300AF813C /* LocalNotificationDaemonType.swift */ = {isa = PBXFileReference; fileEncoding = 4; lastKnownFileType = sourcecode.swift; path = LocalNotificationDaemonType.swift; sourceTree = "<group>"; };
		903EDF2B1CC1B64300AF813C /* NotificationCenterDaemonType.swift */ = {isa = PBXFileReference; fileEncoding = 4; lastKnownFileType = sourcecode.swift; path = NotificationCenterDaemonType.swift; sourceTree = "<group>"; };
		903EDF2C1CC1B64300AF813C /* RemoteNotificationDaemonType.swift */ = {isa = PBXFileReference; fileEncoding = 4; lastKnownFileType = sourcecode.swift; path = RemoteNotificationDaemonType.swift; sourceTree = "<group>"; };
		903EDF2D1CC1B64300AF813C /* UrlDaemonType.swift */ = {isa = PBXFileReference; fileEncoding = 4; lastKnownFileType = sourcecode.swift; path = UrlDaemonType.swift; sourceTree = "<group>"; };
		903EDF351CC1B6D200AF813C /* Token.swift */ = {isa = PBXFileReference; fileEncoding = 4; lastKnownFileType = sourcecode.swift; path = Token.swift; sourceTree = "<group>"; };
		903EDF361CC1B6D200AF813C /* Url.swift */ = {isa = PBXFileReference; fileEncoding = 4; lastKnownFileType = sourcecode.swift; path = Url.swift; sourceTree = "<group>"; };
		903EDF391CC1B7CC00AF813C /* DaemonManagerSpec.swift */ = {isa = PBXFileReference; fileEncoding = 4; lastKnownFileType = sourcecode.swift; path = DaemonManagerSpec.swift; sourceTree = "<group>"; };
		903EDF3C1CC1B81200AF813C /* BarDaemon.swift */ = {isa = PBXFileReference; fileEncoding = 4; lastKnownFileType = sourcecode.swift; path = BarDaemon.swift; sourceTree = "<group>"; };
		903EDF3D1CC1B81200AF813C /* BazDaemon.swift */ = {isa = PBXFileReference; fileEncoding = 4; lastKnownFileType = sourcecode.swift; path = BazDaemon.swift; sourceTree = "<group>"; };
		903EDF3E1CC1B81200AF813C /* FooDaemon.swift */ = {isa = PBXFileReference; fileEncoding = 4; lastKnownFileType = sourcecode.swift; path = FooDaemon.swift; sourceTree = "<group>"; };
		903EDF861CC5A46000AF813C /* Log.swift */ = {isa = PBXFileReference; fileEncoding = 4; lastKnownFileType = sourcecode.swift; path = Log.swift; sourceTree = "<group>"; };
		A571589CD500C2254F38FE5A /* Pods-GorgonBase-GorgonTests.release.xcconfig */ = {isa = PBXFileReference; includeInIndex = 1; lastKnownFileType = text.xcconfig; name = "Pods-GorgonBase-GorgonTests.release.xcconfig"; path = "Pods/Target Support Files/Pods-GorgonBase-GorgonTests/Pods-GorgonBase-GorgonTests.release.xcconfig"; sourceTree = "<group>"; };
		F9DCB9038AE2799602A6E055 /* Pods_GorgonBase_GorgonTests.framework */ = {isa = PBXFileReference; explicitFileType = wrapper.framework; includeInIndex = 0; path = Pods_GorgonBase_GorgonTests.framework; sourceTree = BUILT_PRODUCTS_DIR; };
/* End PBXFileReference section */

/* Begin PBXFrameworksBuildPhase section */
		8F9E94A11ED7B29C004A7FB6 /* Frameworks */ = {
			isa = PBXFrameworksBuildPhase;
			buildActionMask = 2147483647;
			files = (
				8F9E94A91ED7B29C004A7FB6 /* Gorgon.framework in Frameworks */,
			);
			runOnlyForDeploymentPostprocessing = 0;
		};
		903EDF031CC19DAA00AF813C /* Frameworks */ = {
			isa = PBXFrameworksBuildPhase;
			buildActionMask = 2147483647;
			files = (
				E483DC01C87857B58F588F7E /* Pods_GorgonBase_Gorgon.framework in Frameworks */,
			);
			runOnlyForDeploymentPostprocessing = 0;
		};
/* End PBXFrameworksBuildPhase section */

/* Begin PBXGroup section */
		3DA58CF6860022C910C83107 /* Pods */ = {
			isa = PBXGroup;
			children = (
				8B46ED9689A5E104B660D336 /* Pods-GorgonBase-Gorgon.debug.xcconfig */,
				65606885966F18880EA8DAA6 /* Pods-GorgonBase-Gorgon.release.xcconfig */,
				2376B2F2915F2977385CCA6B /* Pods-GorgonBase-GorgonTests.debug.xcconfig */,
				A571589CD500C2254F38FE5A /* Pods-GorgonBase-GorgonTests.release.xcconfig */,
			);
			name = Pods;
			sourceTree = "<group>";
		};
		8F9E94961ED7B1F5004A7FB6 /* GorgonTests */ = {
			isa = PBXGroup;
			children = (
				8F9E94971ED7B1F5004A7FB6 /* GorgonTests.swift */,
				8F9E94991ED7B1F5004A7FB6 /* Info.plist */,
			);
			path = GorgonTests;
			sourceTree = "<group>";
		};
		8F9E94A51ED7B29C004A7FB6 /* GorgonTests */ = {
			isa = PBXGroup;
			children = (
				8F9E94A61ED7B29C004A7FB6 /* GorgonTests.swift */,
				8F9E94A81ED7B29C004A7FB6 /* Info.plist */,
			);
			path = GorgonTests;
			sourceTree = "<group>";
		};
		903EDEFD1CC19DAA00AF813C = {
			isa = PBXGroup;
			children = (
				903EDF091CC19DAA00AF813C /* Source */,
				903EDF151CC19DAA00AF813C /* Tests */,
				8F9E94961ED7B1F5004A7FB6 /* GorgonTests */,
				8F9E94A51ED7B29C004A7FB6 /* GorgonTests */,
				903EDF081CC19DAA00AF813C /* Products */,
				A30FD0A693151AF4EE981552 /* Frameworks */,
				3DA58CF6860022C910C83107 /* Pods */,
			);
			sourceTree = "<group>";
		};
		903EDF081CC19DAA00AF813C /* Products */ = {
			isa = PBXGroup;
			children = (
				903EDF071CC19DAA00AF813C /* Gorgon.framework */,
				8F9E94A41ED7B29C004A7FB6 /* GorgonTests.xctest */,
			);
			name = Products;
			sourceTree = "<group>";
		};
		903EDF091CC19DAA00AF813C /* Source */ = {
			isa = PBXGroup;
			children = (
				903EDF211CC19E6100AF813C /* Daemons */,
				903EDF251CC1B5FF00AF813C /* DaemonManager.swift */,
				903EDF281CC1B64300AF813C /* DaemonType.swift */,
				903EDF861CC5A46000AF813C /* Log.swift */,
				903EDF351CC1B6D200AF813C /* Token.swift */,
				903EDF361CC1B6D200AF813C /* Url.swift */,
				903EDF0A1CC19DAA00AF813C /* Gorgon.h */,
				903EDF0C1CC19DAA00AF813C /* Info.plist */,
			);
			name = Source;
			path = Sources;
			sourceTree = "<group>";
		};
		903EDF151CC19DAA00AF813C /* Tests */ = {
			isa = PBXGroup;
			children = (
				903EDF3B1CC1B7F100AF813C /* Daemons */,
				903EDF391CC1B7CC00AF813C /* DaemonManagerSpec.swift */,
				903EDF161CC19DAA00AF813C /* UrlSpecs.swift */,
				903EDF181CC19DAA00AF813C /* Info.plist */,
			);
			path = Tests;
			sourceTree = "<group>";
		};
		903EDF211CC19E6100AF813C /* Daemons */ = {
			isa = PBXGroup;
			children = (
				903EDF271CC1B64300AF813C /* ApplicationDaemonType.swift */,
				903EDF291CC1B64300AF813C /* DeviceDaemonType.swift */,
				903EDF2A1CC1B64300AF813C /* LocalNotificationDaemonType.swift */,
				903EDF2B1CC1B64300AF813C /* NotificationCenterDaemonType.swift */,
				903EDF2C1CC1B64300AF813C /* RemoteNotificationDaemonType.swift */,
				903EDF2D1CC1B64300AF813C /* UrlDaemonType.swift */,
			);
			path = Daemons;
			sourceTree = "<group>";
		};
		903EDF3B1CC1B7F100AF813C /* Daemons */ = {
			isa = PBXGroup;
			children = (
				903EDF3C1CC1B81200AF813C /* BarDaemon.swift */,
				903EDF3D1CC1B81200AF813C /* BazDaemon.swift */,
				903EDF3E1CC1B81200AF813C /* FooDaemon.swift */,
			);
			path = Daemons;
			sourceTree = "<group>";
		};
		A30FD0A693151AF4EE981552 /* Frameworks */ = {
			isa = PBXGroup;
			children = (
				489FEE5A1E6E1B8C009ADAAD /* Nimble.framework */,
				489FEE5B1E6E1B8C009ADAAD /* Quick.framework */,
				489FEE5C1E6E1B8C009ADAAD /* Swinject.framework */,
				489FEE5D1E6E1B8C009ADAAD /* SwinjectPropertyLoader.framework */,
				4323E581802FF2CC87C1D9EA /* Pods_GorgonBase_Gorgon.framework */,
				F9DCB9038AE2799602A6E055 /* Pods_GorgonBase_GorgonTests.framework */,
			);
			name = Frameworks;
			sourceTree = "<group>";
		};
/* End PBXGroup section */

/* Begin PBXHeadersBuildPhase section */
		903EDF041CC19DAA00AF813C /* Headers */ = {
			isa = PBXHeadersBuildPhase;
			buildActionMask = 2147483647;
			files = (
				903EDF0B1CC19DAA00AF813C /* Gorgon.h in Headers */,
			);
			runOnlyForDeploymentPostprocessing = 0;
		};
/* End PBXHeadersBuildPhase section */

/* Begin PBXNativeTarget section */
		8F9E94A31ED7B29C004A7FB6 /* GorgonTests */ = {
			isa = PBXNativeTarget;
			buildConfigurationList = 8F9E94AC1ED7B29C004A7FB6 /* Build configuration list for PBXNativeTarget "GorgonTests" */;
			buildPhases = (
				8F9E94A01ED7B29C004A7FB6 /* Sources */,
				8F9E94A11ED7B29C004A7FB6 /* Frameworks */,
				8F9E94A21ED7B29C004A7FB6 /* Resources */,
			);
			buildRules = (
			);
			dependencies = (
				8F9E94AB1ED7B29C004A7FB6 /* PBXTargetDependency */,
			);
			name = GorgonTests;
			productName = GorgonTests;
			productReference = 8F9E94A41ED7B29C004A7FB6 /* GorgonTests.xctest */;
			productType = "com.apple.product-type.bundle.unit-test";
		};
		903EDF061CC19DAA00AF813C /* Gorgon */ = {
			isa = PBXNativeTarget;
			buildConfigurationList = 903EDF1B1CC19DAA00AF813C /* Build configuration list for PBXNativeTarget "Gorgon" */;
			buildPhases = (
				4B0F5776F897A688D89813C2 /* [CP] Check Pods Manifest.lock */,
				903EDF021CC19DAA00AF813C /* Sources */,
				903EDF031CC19DAA00AF813C /* Frameworks */,
				903EDF041CC19DAA00AF813C /* Headers */,
				903EDF051CC19DAA00AF813C /* Resources */,
				065640DF4AEB2BD8C5E9535F /* [CP] Copy Pods Resources */,
			);
			buildRules = (
			);
			dependencies = (
			);
			name = Gorgon;
			productName = Medusa;
			productReference = 903EDF071CC19DAA00AF813C /* Gorgon.framework */;
			productType = "com.apple.product-type.framework";
		};
/* End PBXNativeTarget section */

/* Begin PBXProject section */
		903EDEFE1CC19DAA00AF813C /* Project object */ = {
			isa = PBXProject;
			attributes = {
				LastSwiftUpdateCheck = 0830;
				LastUpgradeCheck = 0820;
				ORGANIZATIONNAME = com.locationlabs;
				TargetAttributes = {
					8F9E94A31ED7B29C004A7FB6 = {
						CreatedOnToolsVersion = 8.3.1;
						DevelopmentTeam = EX6732J87R;
						ProvisioningStyle = Automatic;
					};
					903EDF061CC19DAA00AF813C = {
						CreatedOnToolsVersion = 7.3;
						LastSwiftMigration = 0810;
						ProvisioningStyle = Manual;
					};
				};
			};
			buildConfigurationList = 903EDF011CC19DAA00AF813C /* Build configuration list for PBXProject "Gorgon" */;
			compatibilityVersion = "Xcode 3.2";
			developmentRegion = English;
			hasScannedForEncodings = 0;
			knownRegions = (
				en,
			);
			mainGroup = 903EDEFD1CC19DAA00AF813C;
			productRefGroup = 903EDF081CC19DAA00AF813C /* Products */;
			projectDirPath = "";
			projectRoot = "";
			targets = (
				903EDF061CC19DAA00AF813C /* Gorgon */,
				8F9E94A31ED7B29C004A7FB6 /* GorgonTests */,
			);
		};
/* End PBXProject section */

/* Begin PBXResourcesBuildPhase section */
		8F9E94A21ED7B29C004A7FB6 /* Resources */ = {
			isa = PBXResourcesBuildPhase;
			buildActionMask = 2147483647;
			files = (
			);
			runOnlyForDeploymentPostprocessing = 0;
		};
		903EDF051CC19DAA00AF813C /* Resources */ = {
			isa = PBXResourcesBuildPhase;
			buildActionMask = 2147483647;
			files = (
			);
			runOnlyForDeploymentPostprocessing = 0;
		};
/* End PBXResourcesBuildPhase section */

/* Begin PBXShellScriptBuildPhase section */
		065640DF4AEB2BD8C5E9535F /* [CP] Copy Pods Resources */ = {
			isa = PBXShellScriptBuildPhase;
			buildActionMask = 2147483647;
			files = (
			);
			inputPaths = (
			);
			name = "[CP] Copy Pods Resources";
			outputPaths = (
			);
			runOnlyForDeploymentPostprocessing = 0;
			shellPath = /bin/sh;
			shellScript = "\"${SRCROOT}/Pods/Target Support Files/Pods-GorgonBase-Gorgon/Pods-GorgonBase-Gorgon-resources.sh\"\n";
			showEnvVarsInLog = 0;
		};
		4B0F5776F897A688D89813C2 /* [CP] Check Pods Manifest.lock */ = {
			isa = PBXShellScriptBuildPhase;
			buildActionMask = 2147483647;
			files = (
			);
			inputPaths = (
			);
			name = "[CP] Check Pods Manifest.lock";
			outputPaths = (
			);
			runOnlyForDeploymentPostprocessing = 0;
			shellPath = /bin/sh;
			shellScript = "diff \"${PODS_PODFILE_DIR_PATH}/Podfile.lock\" \"${PODS_ROOT}/Manifest.lock\" > /dev/null\nif [ $? != 0 ] ; then\n    # print error to STDERR\n    echo \"error: The sandbox is not in sync with the Podfile.lock. Run 'pod install' or update your CocoaPods installation.\" >&2\n    exit 1\nfi\n";
			showEnvVarsInLog = 0;
		};
/* End PBXShellScriptBuildPhase section */

/* Begin PBXSourcesBuildPhase section */
		8F9E94A01ED7B29C004A7FB6 /* Sources */ = {
			isa = PBXSourcesBuildPhase;
			buildActionMask = 2147483647;
			files = (
				8F9E94A71ED7B29C004A7FB6 /* GorgonTests.swift in Sources */,
			);
			runOnlyForDeploymentPostprocessing = 0;
		};
		903EDF021CC19DAA00AF813C /* Sources */ = {
			isa = PBXSourcesBuildPhase;
			buildActionMask = 2147483647;
			files = (
				903EDF371CC1B6D200AF813C /* Token.swift in Sources */,
				903EDF2E1CC1B64300AF813C /* ApplicationDaemonType.swift in Sources */,
				903EDF331CC1B64300AF813C /* RemoteNotificationDaemonType.swift in Sources */,
				903EDF321CC1B64300AF813C /* NotificationCenterDaemonType.swift in Sources */,
				903EDF261CC1B5FF00AF813C /* DaemonManager.swift in Sources */,
				903EDF8A1CC5A4AE00AF813C /* Log.swift in Sources */,
				903EDF2F1CC1B64300AF813C /* DaemonType.swift in Sources */,
				903EDF311CC1B64300AF813C /* LocalNotificationDaemonType.swift in Sources */,
				903EDF301CC1B64300AF813C /* DeviceDaemonType.swift in Sources */,
				903EDF341CC1B64300AF813C /* UrlDaemonType.swift in Sources */,
				903EDF381CC1B6D200AF813C /* Url.swift in Sources */,
			);
			runOnlyForDeploymentPostprocessing = 0;
		};
/* End PBXSourcesBuildPhase section */

/* Begin PBXTargetDependency section */
		8F9E94AB1ED7B29C004A7FB6 /* PBXTargetDependency */ = {
			isa = PBXTargetDependency;
			target = 903EDF061CC19DAA00AF813C /* Gorgon */;
			targetProxy = 8F9E94AA1ED7B29C004A7FB6 /* PBXContainerItemProxy */;
		};
/* End PBXTargetDependency section */

/* Begin XCBuildConfiguration section */
		8F9E94AD1ED7B29C004A7FB6 /* Debug */ = {
			isa = XCBuildConfiguration;
			buildSettings = {
				CLANG_ANALYZER_NUMBER_OBJECT_CONVERSION = YES_AGGRESSIVE;
				CLANG_WARN_DOCUMENTATION_COMMENTS = YES;
				DEVELOPMENT_TEAM = EX6732J87R;
				INFOPLIST_FILE = GorgonTests/Info.plist;
				IPHONEOS_DEPLOYMENT_TARGET = 10.3;
				LD_RUNPATH_SEARCH_PATHS = "$(inherited) @executable_path/Frameworks @loader_path/Frameworks";
				PRODUCT_BUNDLE_IDENTIFIER = com.locationlabs.GorgonTests;
				PRODUCT_NAME = "$(TARGET_NAME)";
				SWIFT_ACTIVE_COMPILATION_CONDITIONS = DEBUG;
				SWIFT_VERSION = 3.0;
			};
			name = Debug;
		};
		8F9E94AE1ED7B29C004A7FB6 /* Release */ = {
			isa = XCBuildConfiguration;
			buildSettings = {
				CLANG_ANALYZER_NUMBER_OBJECT_CONVERSION = YES_AGGRESSIVE;
				CLANG_WARN_DOCUMENTATION_COMMENTS = YES;
				DEVELOPMENT_TEAM = EX6732J87R;
				INFOPLIST_FILE = GorgonTests/Info.plist;
				IPHONEOS_DEPLOYMENT_TARGET = 10.3;
				LD_RUNPATH_SEARCH_PATHS = "$(inherited) @executable_path/Frameworks @loader_path/Frameworks";
				PRODUCT_BUNDLE_IDENTIFIER = com.locationlabs.GorgonTests;
				PRODUCT_NAME = "$(TARGET_NAME)";
				SWIFT_VERSION = 3.0;
			};
			name = Release;
		};
		903EDF191CC19DAA00AF813C /* Debug */ = {
			isa = XCBuildConfiguration;
			buildSettings = {
				ALWAYS_SEARCH_USER_PATHS = NO;
				CLANG_ANALYZER_NONNULL = YES;
				CLANG_CXX_LANGUAGE_STANDARD = "gnu++0x";
				CLANG_CXX_LIBRARY = "libc++";
				CLANG_ENABLE_MODULES = YES;
				CLANG_ENABLE_OBJC_ARC = YES;
				CLANG_WARN_BOOL_CONVERSION = YES;
				CLANG_WARN_CONSTANT_CONVERSION = YES;
				CLANG_WARN_DIRECT_OBJC_ISA_USAGE = YES_ERROR;
				CLANG_WARN_EMPTY_BODY = YES;
				CLANG_WARN_ENUM_CONVERSION = YES;
				CLANG_WARN_INFINITE_RECURSION = YES;
				CLANG_WARN_INT_CONVERSION = YES;
				CLANG_WARN_OBJC_ROOT_CLASS = YES_ERROR;
				CLANG_WARN_SUSPICIOUS_MOVE = YES;
				CLANG_WARN_UNREACHABLE_CODE = YES;
				CLANG_WARN__DUPLICATE_METHOD_MATCH = YES;
				"CODE_SIGN_IDENTITY[sdk=iphoneos*]" = "iPhone Developer";
				COPY_PHASE_STRIP = NO;
				CURRENT_PROJECT_VERSION = 1;
				DEBUG_INFORMATION_FORMAT = dwarf;
				ENABLE_STRICT_OBJC_MSGSEND = YES;
				ENABLE_TESTABILITY = YES;
				GCC_C_LANGUAGE_STANDARD = gnu99;
				GCC_DYNAMIC_NO_PIC = NO;
				GCC_NO_COMMON_BLOCKS = YES;
				GCC_OPTIMIZATION_LEVEL = 0;
				GCC_PREPROCESSOR_DEFINITIONS = (
					"DEBUG=1",
					"$(inherited)",
				);
				GCC_WARN_64_TO_32_BIT_CONVERSION = YES;
				GCC_WARN_ABOUT_RETURN_TYPE = YES_ERROR;
				GCC_WARN_UNDECLARED_SELECTOR = YES;
				GCC_WARN_UNINITIALIZED_AUTOS = YES_AGGRESSIVE;
				GCC_WARN_UNUSED_FUNCTION = YES;
				GCC_WARN_UNUSED_VARIABLE = YES;
				IPHONEOS_DEPLOYMENT_TARGET = 9.0;
				MTL_ENABLE_DEBUG_INFO = YES;
				ONLY_ACTIVE_ARCH = YES;
				SDKROOT = iphoneos;
				SWIFT_OPTIMIZATION_LEVEL = "-Onone";
				TARGETED_DEVICE_FAMILY = "1,2";
				VERSIONING_SYSTEM = "apple-generic";
				VERSION_INFO_PREFIX = "";
			};
			name = Debug;
		};
		903EDF1A1CC19DAA00AF813C /* Release */ = {
			isa = XCBuildConfiguration;
			buildSettings = {
				ALWAYS_SEARCH_USER_PATHS = NO;
				CLANG_ANALYZER_NONNULL = YES;
				CLANG_CXX_LANGUAGE_STANDARD = "gnu++0x";
				CLANG_CXX_LIBRARY = "libc++";
				CLANG_ENABLE_MODULES = YES;
				CLANG_ENABLE_OBJC_ARC = YES;
				CLANG_WARN_BOOL_CONVERSION = YES;
				CLANG_WARN_CONSTANT_CONVERSION = YES;
				CLANG_WARN_DIRECT_OBJC_ISA_USAGE = YES_ERROR;
				CLANG_WARN_EMPTY_BODY = YES;
				CLANG_WARN_ENUM_CONVERSION = YES;
				CLANG_WARN_INFINITE_RECURSION = YES;
				CLANG_WARN_INT_CONVERSION = YES;
				CLANG_WARN_OBJC_ROOT_CLASS = YES_ERROR;
				CLANG_WARN_SUSPICIOUS_MOVE = YES;
				CLANG_WARN_UNREACHABLE_CODE = YES;
				CLANG_WARN__DUPLICATE_METHOD_MATCH = YES;
				"CODE_SIGN_IDENTITY[sdk=iphoneos*]" = "iPhone Developer";
				COPY_PHASE_STRIP = NO;
				CURRENT_PROJECT_VERSION = 1;
				DEBUG_INFORMATION_FORMAT = "dwarf-with-dsym";
				ENABLE_NS_ASSERTIONS = NO;
				ENABLE_STRICT_OBJC_MSGSEND = YES;
				GCC_C_LANGUAGE_STANDARD = gnu99;
				GCC_NO_COMMON_BLOCKS = YES;
				GCC_WARN_64_TO_32_BIT_CONVERSION = YES;
				GCC_WARN_ABOUT_RETURN_TYPE = YES_ERROR;
				GCC_WARN_UNDECLARED_SELECTOR = YES;
				GCC_WARN_UNINITIALIZED_AUTOS = YES_AGGRESSIVE;
				GCC_WARN_UNUSED_FUNCTION = YES;
				GCC_WARN_UNUSED_VARIABLE = YES;
				IPHONEOS_DEPLOYMENT_TARGET = 9.0;
				MTL_ENABLE_DEBUG_INFO = NO;
				SDKROOT = iphoneos;
				SWIFT_OPTIMIZATION_LEVEL = "-Owholemodule";
				TARGETED_DEVICE_FAMILY = "1,2";
				VALIDATE_PRODUCT = YES;
				VERSIONING_SYSTEM = "apple-generic";
				VERSION_INFO_PREFIX = "";
			};
			name = Release;
		};
		903EDF1C1CC19DAA00AF813C /* Debug */ = {
			isa = XCBuildConfiguration;
			baseConfigurationReference = 8B46ED9689A5E104B660D336 /* Pods-GorgonBase-Gorgon.debug.xcconfig */;
			buildSettings = {
				CLANG_ENABLE_MODULES = YES;
				"CODE_SIGN_IDENTITY[sdk=iphoneos*]" = "";
				DEFINES_MODULE = YES;
				DEVELOPMENT_TEAM = "";
				DYLIB_COMPATIBILITY_VERSION = 1;
				DYLIB_CURRENT_VERSION = 1;
				DYLIB_INSTALL_NAME_BASE = "@rpath";
				FRAMEWORK_SEARCH_PATHS = (
					"$(inherited)",
					"\"$(SRCROOT)/Carthage/Build/iOS\"",
				);
				INFOPLIST_FILE = Sources/Info.plist;
				INSTALL_PATH = "$(LOCAL_LIBRARY_DIR)/Frameworks";
				LD_RUNPATH_SEARCH_PATHS = "$(inherited) @executable_path/Frameworks @loader_path/Frameworks";
				PRODUCT_BUNDLE_IDENTIFIER = com.locationlabs.Gorgon;
				PRODUCT_NAME = "$(TARGET_NAME)";
				SKIP_INSTALL = YES;
				SWIFT_OPTIMIZATION_LEVEL = "-Onone";
				SWIFT_VERSION = 3.0;
			};
			name = Debug;
		};
		903EDF1D1CC19DAA00AF813C /* Release */ = {
			isa = XCBuildConfiguration;
			baseConfigurationReference = 65606885966F18880EA8DAA6 /* Pods-GorgonBase-Gorgon.release.xcconfig */;
			buildSettings = {
				CLANG_ENABLE_MODULES = YES;
				"CODE_SIGN_IDENTITY[sdk=iphoneos*]" = "";
				DEFINES_MODULE = YES;
				DEVELOPMENT_TEAM = "";
				DYLIB_COMPATIBILITY_VERSION = 1;
				DYLIB_CURRENT_VERSION = 1;
				DYLIB_INSTALL_NAME_BASE = "@rpath";
				FRAMEWORK_SEARCH_PATHS = (
					"$(inherited)",
					"\"$(SRCROOT)/Carthage/Build/iOS\"",
				);
				INFOPLIST_FILE = Sources/Info.plist;
				INSTALL_PATH = "$(LOCAL_LIBRARY_DIR)/Frameworks";
				LD_RUNPATH_SEARCH_PATHS = "$(inherited) @executable_path/Frameworks @loader_path/Frameworks";
				PRODUCT_BUNDLE_IDENTIFIER = com.locationlabs.Gorgon;
				PRODUCT_NAME = "$(TARGET_NAME)";
				SKIP_INSTALL = YES;
				SWIFT_VERSION = 3.0;
			};
			name = Release;
		};
/* End XCBuildConfiguration section */

/* Begin XCConfigurationList section */
		8F9E94AC1ED7B29C004A7FB6 /* Build configuration list for PBXNativeTarget "GorgonTests" */ = {
			isa = XCConfigurationList;
			buildConfigurations = (
				8F9E94AD1ED7B29C004A7FB6 /* Debug */,
				8F9E94AE1ED7B29C004A7FB6 /* Release */,
			);
			defaultConfigurationIsVisible = 0;
			defaultConfigurationName = Release;
		};
		903EDF011CC19DAA00AF813C /* Build configuration list for PBXProject "Gorgon" */ = {
			isa = XCConfigurationList;
			buildConfigurations = (
				903EDF191CC19DAA00AF813C /* Debug */,
				903EDF1A1CC19DAA00AF813C /* Release */,
			);
			defaultConfigurationIsVisible = 0;
			defaultConfigurationName = Release;
		};
		903EDF1B1CC19DAA00AF813C /* Build configuration list for PBXNativeTarget "Gorgon" */ = {
			isa = XCConfigurationList;
			buildConfigurations = (
				903EDF1C1CC19DAA00AF813C /* Debug */,
				903EDF1D1CC19DAA00AF813C /* Release */,
			);
			defaultConfigurationIsVisible = 0;
			defaultConfigurationName = Release;
		};
/* End XCConfigurationList section */
	};
	rootObject = 903EDEFE1CC19DAA00AF813C /* Project object */;
}
